
Microsoft Visual Studio Solution File, Format Version 12.00
# Visual Studio 15
VisualStudioVersion = 15.0.26730.12
MinimumVisualStudioVersion = 10.0.40219.1
Project("{FAE04EC0-301F-11D3-BF4B-00C04F79EFBC}") = "GestionVentas", "GestionVentas\GestionVentas.csproj", "{168B498F-AAD7-4853-855D-0339B81E7B2C}"
EndProject
Global
	GlobalSection(SolutionConfigurationPlatforms) = preSolution
		Debug|Any CPU = Debug|Any CPU
		Release|Any CPU = Release|Any CPU
	EndGlobalSection
	GlobalSection(ProjectConfigurationPlatforms) = postSolution
		{168B498F-AAD7-4853-855D-0339B81E7B2C}.Debug|Any CPU.ActiveCfg = Debug|Any CPU
		{168B498F-AAD7-4853-855D-0339B81E7B2C}.Debug|Any CPU.Build.0 = Debug|Any CPU
		{168B498F-AAD7-4853-855D-0339B81E7B2C}.Release|Any CPU.ActiveCfg = Release|Any CPU
		{168B498F-AAD7-4853-855D-0339B81E7B2C}.Release|Any CPU.Build.0 = Release|Any CPU
	EndGlobalSection
	GlobalSection(SolutionProperties) = preSolution
		HideSolutionNode = FALSE
	EndGlobalSection
	GlobalSection(ExtensibilityGlobals) = postSolution
		SolutionGuid = {07E96DB9-F13C-4589-9A37-19F223DE8087}
	EndGlobalSection
EndGlobal
